
Microsoft Visual Studio Solution File, Format Version 12.00
Project("{FAE04EC0-301F-11D3-BF4B-00C04F79EFBC}") = "abs_factory", "abs_factory\abs_factory.csproj", "{A9D4A12F-63A6-459F-9A10-0580A6F47231}"
EndProject
Global
	GlobalSection(SolutionConfigurationPlatforms) = preSolution
		Debug|Any CPU = Debug|Any CPU
		Release|Any CPU = Release|Any CPU
	EndGlobalSection
	GlobalSection(ProjectConfigurationPlatforms) = postSolution
		{A9D4A12F-63A6-459F-9A10-0580A6F47231}.Debug|Any CPU.ActiveCfg = Debug|Any CPU
		{A9D4A12F-63A6-459F-9A10-0580A6F47231}.Debug|Any CPU.Build.0 = Debug|Any CPU
		{A9D4A12F-63A6-459F-9A10-0580A6F47231}.Release|Any CPU.ActiveCfg = Release|Any CPU
		{A9D4A12F-63A6-459F-9A10-0580A6F47231}.Release|Any CPU.Build.0 = Release|Any CPU
	EndGlobalSection
EndGlobal
