
Microsoft Visual Studio Solution File, Format Version 12.00
Project("{FAE04EC0-301F-11D3-BF4B-00C04F79EFBC}") = "lbrk2", "lbrk2\lbrk2.csproj", "{604EC25E-BF97-4FBF-86CE-C9451F26F325}"
EndProject
Global
	GlobalSection(SolutionConfigurationPlatforms) = preSolution
		Debug|Any CPU = Debug|Any CPU
		Release|Any CPU = Release|Any CPU
	EndGlobalSection
	GlobalSection(ProjectConfigurationPlatforms) = postSolution
		{604EC25E-BF97-4FBF-86CE-C9451F26F325}.Debug|Any CPU.ActiveCfg = Debug|Any CPU
		{604EC25E-BF97-4FBF-86CE-C9451F26F325}.Debug|Any CPU.Build.0 = Debug|Any CPU
		{604EC25E-BF97-4FBF-86CE-C9451F26F325}.Release|Any CPU.ActiveCfg = Release|Any CPU
		{604EC25E-BF97-4FBF-86CE-C9451F26F325}.Release|Any CPU.Build.0 = Release|Any CPU
	EndGlobalSection
EndGlobal
