
Microsoft Visual Studio Solution File, Format Version 12.00
Project("{FAE04EC0-301F-11D3-BF4B-00C04F79EFBC}") = "builder", "builder\builder.csproj", "{54C0D806-F1F4-4FFD-B492-A483781535CE}"
EndProject
Global
	GlobalSection(SolutionConfigurationPlatforms) = preSolution
		Debug|Any CPU = Debug|Any CPU
		Release|Any CPU = Release|Any CPU
	EndGlobalSection
	GlobalSection(ProjectConfigurationPlatforms) = postSolution
		{54C0D806-F1F4-4FFD-B492-A483781535CE}.Debug|Any CPU.ActiveCfg = Debug|Any CPU
		{54C0D806-F1F4-4FFD-B492-A483781535CE}.Debug|Any CPU.Build.0 = Debug|Any CPU
		{54C0D806-F1F4-4FFD-B492-A483781535CE}.Release|Any CPU.ActiveCfg = Release|Any CPU
		{54C0D806-F1F4-4FFD-B492-A483781535CE}.Release|Any CPU.Build.0 = Release|Any CPU
	EndGlobalSection
EndGlobal
