
Microsoft Visual Studio Solution File, Format Version 12.00
Project("{FAE04EC0-301F-11D3-BF4B-00C04F79EFBC}") = "infoexp", "infoexp\infoexp.csproj", "{7A841C57-8451-491C-93AE-5565C3662225}"
EndProject
Global
	GlobalSection(SolutionConfigurationPlatforms) = preSolution
		Debug|Any CPU = Debug|Any CPU
		Release|Any CPU = Release|Any CPU
	EndGlobalSection
	GlobalSection(ProjectConfigurationPlatforms) = postSolution
		{7A841C57-8451-491C-93AE-5565C3662225}.Debug|Any CPU.ActiveCfg = Debug|Any CPU
		{7A841C57-8451-491C-93AE-5565C3662225}.Debug|Any CPU.Build.0 = Debug|Any CPU
		{7A841C57-8451-491C-93AE-5565C3662225}.Release|Any CPU.ActiveCfg = Release|Any CPU
		{7A841C57-8451-491C-93AE-5565C3662225}.Release|Any CPU.Build.0 = Release|Any CPU
	EndGlobalSection
EndGlobal
